
Microsoft Visual Studio Solution File, Format Version 12.00
# Visual Studio Version 16
VisualStudioVersion = 16.0.31729.503
MinimumVisualStudioVersion = 10.0.40219.1
Project("{FAE04EC0-301F-11D3-BF4B-00C04F79EFBC}") = "sample_login", "sample_login\sample_login.csproj", "{7ACAECBC-B940-44C5-923D-CDFB4DC63514}"
EndProject
Global
	GlobalSection(SolutionConfigurationPlatforms) = preSolution
		Debug|Any CPU = Debug|Any CPU
		Release|Any CPU = Release|Any CPU
	EndGlobalSection
	GlobalSection(ProjectConfigurationPlatforms) = postSolution
		{7ACAECBC-B940-44C5-923D-CDFB4DC63514}.Debug|Any CPU.ActiveCfg = Debug|Any CPU
		{7ACAECBC-B940-44C5-923D-CDFB4DC63514}.Debug|Any CPU.Build.0 = Debug|Any CPU
		{7ACAECBC-B940-44C5-923D-CDFB4DC63514}.Release|Any CPU.ActiveCfg = Release|Any CPU
		{7ACAECBC-B940-44C5-923D-CDFB4DC63514}.Release|Any CPU.Build.0 = Release|Any CPU
	EndGlobalSection
	GlobalSection(SolutionProperties) = preSolution
		HideSolutionNode = FALSE
	EndGlobalSection
	GlobalSection(ExtensibilityGlobals) = postSolution
		SolutionGuid = {EC58B9D0-D353-4FE0-BF77-36906CE413F6}
	EndGlobalSection
EndGlobal
